
Microsoft Visual Studio Solution File, Format Version 11.00
# Visual Studio 2010
Project("{FAE04EC0-301F-11D3-BF4B-00C04F79EFBC}") = "FarseerPhysicsWP7Framework", "FarseerPhysicsWP7Framework.csproj", "{E94A5D53-D4C6-40F7-B43C-94CEA4C4CFEC}"
EndProject
Global
	GlobalSection(SolutionConfigurationPlatforms) = preSolution
		Debug|Windows Phone = Debug|Windows Phone
		Release|Windows Phone = Release|Windows Phone
	EndGlobalSection
	GlobalSection(ProjectConfigurationPlatforms) = postSolution
		{E94A5D53-D4C6-40F7-B43C-94CEA4C4CFEC}.Debug|Windows Phone.ActiveCfg = Debug|Windows Phone
		{E94A5D53-D4C6-40F7-B43C-94CEA4C4CFEC}.Debug|Windows Phone.Build.0 = Debug|Windows Phone
		{E94A5D53-D4C6-40F7-B43C-94CEA4C4CFEC}.Release|Windows Phone.ActiveCfg = Release|Windows Phone
		{E94A5D53-D4C6-40F7-B43C-94CEA4C4CFEC}.Release|Windows Phone.Build.0 = Release|Windows Phone
	EndGlobalSection
	GlobalSection(SolutionProperties) = preSolution
		HideSolutionNode = FALSE
	EndGlobalSection
EndGlobal
